
Microsoft Visual Studio Solution File, Format Version 12.00
# Visual Studio 15
VisualStudioVersion = 15.0.27130.2010
MinimumVisualStudioVersion = 10.0.40219.1
Project("{FAE04EC0-301F-11D3-BF4B-00C04F79EFBC}") = "SodukuMaker", "SodukuMaker\SodukuMaker.csproj", "{49EB9B5B-8F53-4B19-9DB7-FA83124D0FB3}"
EndProject
Global
	GlobalSection(SolutionConfigurationPlatforms) = preSolution
		Debug|Any CPU = Debug|Any CPU
		Release|Any CPU = Release|Any CPU
	EndGlobalSection
	GlobalSection(ProjectConfigurationPlatforms) = postSolution
		{49EB9B5B-8F53-4B19-9DB7-FA83124D0FB3}.Debug|Any CPU.ActiveCfg = Debug|Any CPU
		{49EB9B5B-8F53-4B19-9DB7-FA83124D0FB3}.Debug|Any CPU.Build.0 = Debug|Any CPU
		{49EB9B5B-8F53-4B19-9DB7-FA83124D0FB3}.Release|Any CPU.ActiveCfg = Release|Any CPU
		{49EB9B5B-8F53-4B19-9DB7-FA83124D0FB3}.Release|Any CPU.Build.0 = Release|Any CPU
	EndGlobalSection
	GlobalSection(SolutionProperties) = preSolution
		HideSolutionNode = FALSE
	EndGlobalSection
	GlobalSection(ExtensibilityGlobals) = postSolution
		SolutionGuid = {F2A94A63-E11E-4BD1-8237-AD9595166F6A}
	EndGlobalSection
EndGlobal
